
Microsoft Visual Studio Solution File, Format Version 12.00
# Visual Studio 14
VisualStudioVersion = 14.0.24720.0
MinimumVisualStudioVersion = 10.0.40219.1
Project("{8BC9CEB8-8B4A-11D0-8D11-00A0C91BC942}") = "GTUI", "GTUI\GTUI.vcxproj", "{643B3EDC-CD3A-4B17-8C82-4EE1E05392D6}"
EndProject
Project("{8BC9CEB8-8B4A-11D0-8D11-00A0C91BC942}") = "GTMFCUI", "GTMFCUI\GTMFCUI.vcxproj", "{7F239139-7825-47AA-BEAD-0E4A64F31727}"
EndProject
Project("{FAE04EC0-301F-11D3-BF4B-00C04F79EFBC}") = "GTNET", "GTNET\GTNET.csproj", "{B1B451A3-BADE-4D64-B3EF-B9DE26CADC52}"
EndProject
Project("{8BC9CEB8-8B4A-11D0-8D11-00A0C91BC942}") = "NCCodePareser", "NCCodePareser\NCCodePareser.vcxproj", "{4292E953-FEDA-4A21-BC13-1605B1B439F4}"
EndProject
Project("{8BC9CEB8-8B4A-11D0-8D11-00A0C91BC942}") = "NCCodeParserGNU98", "NCCodeParserGNU\NCCodeParserGNU98\NCCodeParserGNU98.vcxproj", "{06DDACFA-30C8-4D0D-95B1-A7EE46CDE25E}"
EndProject
Project("{8BC9CEB8-8B4A-11D0-8D11-00A0C91BC942}") = "NCCodeParserGNU11", "NCCodeParserGNU\NCCodeParserGNU11\NCCodeParserGNU11.vcxproj", "{0C26AE20-D396-41E2-BB84-B9D178CE3EB6}"
EndProject
Global
	GlobalSection(SolutionConfigurationPlatforms) = preSolution
		CD_ROM|Any CPU = CD_ROM|Any CPU
		CD_ROM|x64 = CD_ROM|x64
		CD_ROM|x86 = CD_ROM|x86
		Debug|Any CPU = Debug|Any CPU
		Debug|x64 = Debug|x64
		Debug|x86 = Debug|x86
		DVD-5|Any CPU = DVD-5|Any CPU
		DVD-5|x64 = DVD-5|x64
		DVD-5|x86 = DVD-5|x86
		Release|Any CPU = Release|Any CPU
		Release|x64 = Release|x64
		Release|x86 = Release|x86
		SingleImage|Any CPU = SingleImage|Any CPU
		SingleImage|x64 = SingleImage|x64
		SingleImage|x86 = SingleImage|x86
	EndGlobalSection
	GlobalSection(ProjectConfigurationPlatforms) = postSolution
		{643B3EDC-CD3A-4B17-8C82-4EE1E05392D6}.CD_ROM|Any CPU.ActiveCfg = Debug|Win32
		{643B3EDC-CD3A-4B17-8C82-4EE1E05392D6}.CD_ROM|Any CPU.Build.0 = Debug|Win32
		{643B3EDC-CD3A-4B17-8C82-4EE1E05392D6}.CD_ROM|x64.ActiveCfg = Release|x64
		{643B3EDC-CD3A-4B17-8C82-4EE1E05392D6}.CD_ROM|x64.Build.0 = Release|x64
		{643B3EDC-CD3A-4B17-8C82-4EE1E05392D6}.CD_ROM|x86.ActiveCfg = Release|Win32
		{643B3EDC-CD3A-4B17-8C82-4EE1E05392D6}.CD_ROM|x86.Build.0 = Release|Win32
		{643B3EDC-CD3A-4B17-8C82-4EE1E05392D6}.Debug|Any CPU.ActiveCfg = Debug|Win32
		{643B3EDC-CD3A-4B17-8C82-4EE1E05392D6}.Debug|x64.ActiveCfg = Debug|x64
		{643B3EDC-CD3A-4B17-8C82-4EE1E05392D6}.Debug|x64.Build.0 = Debug|x64
		{643B3EDC-CD3A-4B17-8C82-4EE1E05392D6}.Debug|x86.ActiveCfg = Debug|Win32
		{643B3EDC-CD3A-4B17-8C82-4EE1E05392D6}.Debug|x86.Build.0 = Debug|Win32
		{643B3EDC-CD3A-4B17-8C82-4EE1E05392D6}.DVD-5|Any CPU.ActiveCfg = Debug|Win32
		{643B3EDC-CD3A-4B17-8C82-4EE1E05392D6}.DVD-5|Any CPU.Build.0 = Debug|Win32
		{643B3EDC-CD3A-4B17-8C82-4EE1E05392D6}.DVD-5|x64.ActiveCfg = Debug|x64
		{643B3EDC-CD3A-4B17-8C82-4EE1E05392D6}.DVD-5|x64.Build.0 = Debug|x64
		{643B3EDC-CD3A-4B17-8C82-4EE1E05392D6}.DVD-5|x86.ActiveCfg = Debug|Win32
		{643B3EDC-CD3A-4B17-8C82-4EE1E05392D6}.DVD-5|x86.Build.0 = Debug|Win32
		{643B3EDC-CD3A-4B17-8C82-4EE1E05392D6}.Release|Any CPU.ActiveCfg = Release|Win32
		{643B3EDC-CD3A-4B17-8C82-4EE1E05392D6}.Release|x64.ActiveCfg = Release|x64
		{643B3EDC-CD3A-4B17-8C82-4EE1E05392D6}.Release|x64.Build.0 = Release|x64
		{643B3EDC-CD3A-4B17-8C82-4EE1E05392D6}.Release|x86.ActiveCfg = Release|Win32
		{643B3EDC-CD3A-4B17-8C82-4EE1E05392D6}.Release|x86.Build.0 = Release|Win32
		{643B3EDC-CD3A-4B17-8C82-4EE1E05392D6}.SingleImage|Any CPU.ActiveCfg = Debug|Win32
		{643B3EDC-CD3A-4B17-8C82-4EE1E05392D6}.SingleImage|Any CPU.Build.0 = Debug|Win32
		{643B3EDC-CD3A-4B17-8C82-4EE1E05392D6}.SingleImage|x64.ActiveCfg = Release|x64
		{643B3EDC-CD3A-4B17-8C82-4EE1E05392D6}.SingleImage|x64.Build.0 = Release|x64
		{643B3EDC-CD3A-4B17-8C82-4EE1E05392D6}.SingleImage|x86.ActiveCfg = Release|Win32
		{643B3EDC-CD3A-4B17-8C82-4EE1E05392D6}.SingleImage|x86.Build.0 = Release|Win32
		{7F239139-7825-47AA-BEAD-0E4A64F31727}.CD_ROM|Any CPU.ActiveCfg = Debug|Win32
		{7F239139-7825-47AA-BEAD-0E4A64F31727}.CD_ROM|Any CPU.Build.0 = Debug|Win32
		{7F239139-7825-47AA-BEAD-0E4A64F31727}.CD_ROM|x64.ActiveCfg = Release|x64
		{7F239139-7825-47AA-BEAD-0E4A64F31727}.CD_ROM|x64.Build.0 = Release|x64
		{7F239139-7825-47AA-BEAD-0E4A64F31727}.CD_ROM|x86.ActiveCfg = Release|Win32
		{7F239139-7825-47AA-BEAD-0E4A64F31727}.CD_ROM|x86.Build.0 = Release|Win32
		{7F239139-7825-47AA-BEAD-0E4A64F31727}.Debug|Any CPU.ActiveCfg = Debug|Win32
		{7F239139-7825-47AA-BEAD-0E4A64F31727}.Debug|x64.ActiveCfg = Debug|x64
		{7F239139-7825-47AA-BEAD-0E4A64F31727}.Debug|x64.Build.0 = Debug|x64
		{7F239139-7825-47AA-BEAD-0E4A64F31727}.Debug|x86.ActiveCfg = Debug|Win32
		{7F239139-7825-47AA-BEAD-0E4A64F31727}.Debug|x86.Build.0 = Debug|Win32
		{7F239139-7825-47AA-BEAD-0E4A64F31727}.DVD-5|Any CPU.ActiveCfg = Debug|Win32
		{7F239139-7825-47AA-BEAD-0E4A64F31727}.DVD-5|Any CPU.Build.0 = Debug|Win32
		{7F239139-7825-47AA-BEAD-0E4A64F31727}.DVD-5|x64.ActiveCfg = Debug|x64
		{7F239139-7825-47AA-BEAD-0E4A64F31727}.DVD-5|x64.Build.0 = Debug|x64
		{7F239139-7825-47AA-BEAD-0E4A64F31727}.DVD-5|x86.ActiveCfg = Debug|Win32
		{7F239139-7825-47AA-BEAD-0E4A64F31727}.DVD-5|x86.Build.0 = Debug|Win32
		{7F239139-7825-47AA-BEAD-0E4A64F31727}.Release|Any CPU.ActiveCfg = Release|Win32
		{7F239139-7825-47AA-BEAD-0E4A64F31727}.Release|x64.ActiveCfg = Release|x64
		{7F239139-7825-47AA-BEAD-0E4A64F31727}.Release|x64.Build.0 = Release|x64
		{7F239139-7825-47AA-BEAD-0E4A64F31727}.Release|x86.ActiveCfg = Release|Win32
		{7F239139-7825-47AA-BEAD-0E4A64F31727}.Release|x86.Build.0 = Release|Win32
		{7F239139-7825-47AA-BEAD-0E4A64F31727}.SingleImage|Any CPU.ActiveCfg = Debug|Win32
		{7F239139-7825-47AA-BEAD-0E4A64F31727}.SingleImage|Any CPU.Build.0 = Debug|Win32
		{7F239139-7825-47AA-BEAD-0E4A64F31727}.SingleImage|x64.ActiveCfg = Release|x64
		{7F239139-7825-47AA-BEAD-0E4A64F31727}.SingleImage|x64.Build.0 = Release|x64
		{7F239139-7825-47AA-BEAD-0E4A64F31727}.SingleImage|x86.ActiveCfg = Release|Win32
		{7F239139-7825-47AA-BEAD-0E4A64F31727}.SingleImage|x86.Build.0 = Release|Win32
		{B1B451A3-BADE-4D64-B3EF-B9DE26CADC52}.CD_ROM|Any CPU.ActiveCfg = Release|Any CPU
		{B1B451A3-BADE-4D64-B3EF-B9DE26CADC52}.CD_ROM|Any CPU.Build.0 = Release|Any CPU
		{B1B451A3-BADE-4D64-B3EF-B9DE26CADC52}.CD_ROM|x64.ActiveCfg = Release|Any CPU
		{B1B451A3-BADE-4D64-B3EF-B9DE26CADC52}.CD_ROM|x64.Build.0 = Release|Any CPU
		{B1B451A3-BADE-4D64-B3EF-B9DE26CADC52}.CD_ROM|x86.ActiveCfg = Release|Any CPU
		{B1B451A3-BADE-4D64-B3EF-B9DE26CADC52}.CD_ROM|x86.Build.0 = Release|Any CPU
		{B1B451A3-BADE-4D64-B3EF-B9DE26CADC52}.Debug|Any CPU.ActiveCfg = Debug|Any CPU
		{B1B451A3-BADE-4D64-B3EF-B9DE26CADC52}.Debug|Any CPU.Build.0 = Debug|Any CPU
		{B1B451A3-BADE-4D64-B3EF-B9DE26CADC52}.Debug|x64.ActiveCfg = Debug|Any CPU
		{B1B451A3-BADE-4D64-B3EF-B9DE26CADC52}.Debug|x64.Build.0 = Debug|Any CPU
		{B1B451A3-BADE-4D64-B3EF-B9DE26CADC52}.Debug|x86.ActiveCfg = Debug|Any CPU
		{B1B451A3-BADE-4D64-B3EF-B9DE26CADC52}.Debug|x86.Build.0 = Debug|Any CPU
		{B1B451A3-BADE-4D64-B3EF-B9DE26CADC52}.DVD-5|Any CPU.ActiveCfg = Debug|Any CPU
		{B1B451A3-BADE-4D64-B3EF-B9DE26CADC52}.DVD-5|Any CPU.Build.0 = Debug|Any CPU
		{B1B451A3-BADE-4D64-B3EF-B9DE26CADC52}.DVD-5|x64.ActiveCfg = Debug|Any CPU
		{B1B451A3-BADE-4D64-B3EF-B9DE26CADC52}.DVD-5|x64.Build.0 = Debug|Any CPU
		{B1B451A3-BADE-4D64-B3EF-B9DE26CADC52}.DVD-5|x86.ActiveCfg = Debug|Any CPU
		{B1B451A3-BADE-4D64-B3EF-B9DE26CADC52}.DVD-5|x86.Build.0 = Debug|Any CPU
		{B1B451A3-BADE-4D64-B3EF-B9DE26CADC52}.Release|Any CPU.ActiveCfg = Release|Any CPU
		{B1B451A3-BADE-4D64-B3EF-B9DE26CADC52}.Release|Any CPU.Build.0 = Release|Any CPU
		{B1B451A3-BADE-4D64-B3EF-B9DE26CADC52}.Release|x64.ActiveCfg = Release|Any CPU
		{B1B451A3-BADE-4D64-B3EF-B9DE26CADC52}.Release|x64.Build.0 = Release|Any CPU
		{B1B451A3-BADE-4D64-B3EF-B9DE26CADC52}.Release|x86.ActiveCfg = Release|Any CPU
		{B1B451A3-BADE-4D64-B3EF-B9DE26CADC52}.Release|x86.Build.0 = Release|Any CPU
		{B1B451A3-BADE-4D64-B3EF-B9DE26CADC52}.SingleImage|Any CPU.ActiveCfg = Release|Any CPU
		{B1B451A3-BADE-4D64-B3EF-B9DE26CADC52}.SingleImage|Any CPU.Build.0 = Release|Any CPU
		{B1B451A3-BADE-4D64-B3EF-B9DE26CADC52}.SingleImage|x64.ActiveCfg = Release|Any CPU
		{B1B451A3-BADE-4D64-B3EF-B9DE26CADC52}.SingleImage|x64.Build.0 = Release|Any CPU
		{B1B451A3-BADE-4D64-B3EF-B9DE26CADC52}.SingleImage|x86.ActiveCfg = Release|Any CPU
		{B1B451A3-BADE-4D64-B3EF-B9DE26CADC52}.SingleImage|x86.Build.0 = Release|Any CPU
		{4292E953-FEDA-4A21-BC13-1605B1B439F4}.CD_ROM|Any CPU.ActiveCfg = Release|x64
		{4292E953-FEDA-4A21-BC13-1605B1B439F4}.CD_ROM|Any CPU.Build.0 = Release|x64
		{4292E953-FEDA-4A21-BC13-1605B1B439F4}.CD_ROM|x64.ActiveCfg = Release|x64
		{4292E953-FEDA-4A21-BC13-1605B1B439F4}.CD_ROM|x64.Build.0 = Release|x64
		{4292E953-FEDA-4A21-BC13-1605B1B439F4}.CD_ROM|x86.ActiveCfg = Release|Win32
		{4292E953-FEDA-4A21-BC13-1605B1B439F4}.CD_ROM|x86.Build.0 = Release|Win32
		{4292E953-FEDA-4A21-BC13-1605B1B439F4}.Debug|Any CPU.ActiveCfg = Debug|Win32
		{4292E953-FEDA-4A21-BC13-1605B1B439F4}.Debug|x64.ActiveCfg = Debug|x64
		{4292E953-FEDA-4A21-BC13-1605B1B439F4}.Debug|x64.Build.0 = Debug|x64
		{4292E953-FEDA-4A21-BC13-1605B1B439F4}.Debug|x86.ActiveCfg = Debug|Win32
		{4292E953-FEDA-4A21-BC13-1605B1B439F4}.Debug|x86.Build.0 = Debug|Win32
		{4292E953-FEDA-4A21-BC13-1605B1B439F4}.DVD-5|Any CPU.ActiveCfg = Release|x64
		{4292E953-FEDA-4A21-BC13-1605B1B439F4}.DVD-5|Any CPU.Build.0 = Release|x64
		{4292E953-FEDA-4A21-BC13-1605B1B439F4}.DVD-5|x64.ActiveCfg = Debug|x64
		{4292E953-FEDA-4A21-BC13-1605B1B439F4}.DVD-5|x64.Build.0 = Debug|x64
		{4292E953-FEDA-4A21-BC13-1605B1B439F4}.DVD-5|x86.ActiveCfg = Debug|Win32
		{4292E953-FEDA-4A21-BC13-1605B1B439F4}.DVD-5|x86.Build.0 = Debug|Win32
		{4292E953-FEDA-4A21-BC13-1605B1B439F4}.Release|Any CPU.ActiveCfg = Release|Win32
		{4292E953-FEDA-4A21-BC13-1605B1B439F4}.Release|x64.ActiveCfg = Release|x64
		{4292E953-FEDA-4A21-BC13-1605B1B439F4}.Release|x64.Build.0 = Release|x64
		{4292E953-FEDA-4A21-BC13-1605B1B439F4}.Release|x86.ActiveCfg = Release|Win32
		{4292E953-FEDA-4A21-BC13-1605B1B439F4}.Release|x86.Build.0 = Release|Win32
		{4292E953-FEDA-4A21-BC13-1605B1B439F4}.SingleImage|Any CPU.ActiveCfg = Release|x64
		{4292E953-FEDA-4A21-BC13-1605B1B439F4}.SingleImage|Any CPU.Build.0 = Release|x64
		{4292E953-FEDA-4A21-BC13-1605B1B439F4}.SingleImage|x64.ActiveCfg = Release|x64
		{4292E953-FEDA-4A21-BC13-1605B1B439F4}.SingleImage|x64.Build.0 = Release|x64
		{4292E953-FEDA-4A21-BC13-1605B1B439F4}.SingleImage|x86.ActiveCfg = Release|Win32
		{4292E953-FEDA-4A21-BC13-1605B1B439F4}.SingleImage|x86.Build.0 = Release|Win32
		{06DDACFA-30C8-4D0D-95B1-A7EE46CDE25E}.CD_ROM|Any CPU.ActiveCfg = Release|x64
		{06DDACFA-30C8-4D0D-95B1-A7EE46CDE25E}.CD_ROM|Any CPU.Build.0 = Release|x64
		{06DDACFA-30C8-4D0D-95B1-A7EE46CDE25E}.CD_ROM|x64.ActiveCfg = Release|x64
		{06DDACFA-30C8-4D0D-95B1-A7EE46CDE25E}.CD_ROM|x64.Build.0 = Release|x64
		{06DDACFA-30C8-4D0D-95B1-A7EE46CDE25E}.CD_ROM|x86.ActiveCfg = Release|Win32
		{06DDACFA-30C8-4D0D-95B1-A7EE46CDE25E}.CD_ROM|x86.Build.0 = Release|Win32
		{06DDACFA-30C8-4D0D-95B1-A7EE46CDE25E}.Debug|Any CPU.ActiveCfg = Debug|Win32
		{06DDACFA-30C8-4D0D-95B1-A7EE46CDE25E}.Debug|x64.ActiveCfg = Debug|x64
		{06DDACFA-30C8-4D0D-95B1-A7EE46CDE25E}.Debug|x64.Build.0 = Debug|x64
		{06DDACFA-30C8-4D0D-95B1-A7EE46CDE25E}.Debug|x86.ActiveCfg = Debug|Win32
		{06DDACFA-30C8-4D0D-95B1-A7EE46CDE25E}.Debug|x86.Build.0 = Debug|Win32
		{06DDACFA-30C8-4D0D-95B1-A7EE46CDE25E}.DVD-5|Any CPU.ActiveCfg = Release|x64
		{06DDACFA-30C8-4D0D-95B1-A7EE46CDE25E}.DVD-5|Any CPU.Build.0 = Release|x64
		{06DDACFA-30C8-4D0D-95B1-A7EE46CDE25E}.DVD-5|x64.ActiveCfg = Debug|x64
		{06DDACFA-30C8-4D0D-95B1-A7EE46CDE25E}.DVD-5|x64.Build.0 = Debug|x64
		{06DDACFA-30C8-4D0D-95B1-A7EE46CDE25E}.DVD-5|x86.ActiveCfg = Debug|Win32
		{06DDACFA-30C8-4D0D-95B1-A7EE46CDE25E}.DVD-5|x86.Build.0 = Debug|Win32
		{06DDACFA-30C8-4D0D-95B1-A7EE46CDE25E}.Release|Any CPU.ActiveCfg = Release|Win32
		{06DDACFA-30C8-4D0D-95B1-A7EE46CDE25E}.Release|x64.ActiveCfg = Release|x64
		{06DDACFA-30C8-4D0D-95B1-A7EE46CDE25E}.Release|x64.Build.0 = Release|x64
		{06DDACFA-30C8-4D0D-95B1-A7EE46CDE25E}.Release|x86.ActiveCfg = Release|Win32
		{06DDACFA-30C8-4D0D-95B1-A7EE46CDE25E}.Release|x86.Build.0 = Release|Win32
		{06DDACFA-30C8-4D0D-95B1-A7EE46CDE25E}.SingleImage|Any CPU.ActiveCfg = Release|x64
		{06DDACFA-30C8-4D0D-95B1-A7EE46CDE25E}.SingleImage|Any CPU.Build.0 = Release|x64
		{06DDACFA-30C8-4D0D-95B1-A7EE46CDE25E}.SingleImage|x64.ActiveCfg = Release|x64
		{06DDACFA-30C8-4D0D-95B1-A7EE46CDE25E}.SingleImage|x64.Build.0 = Release|x64
		{06DDACFA-30C8-4D0D-95B1-A7EE46CDE25E}.SingleImage|x86.ActiveCfg = Release|Win32
		{06DDACFA-30C8-4D0D-95B1-A7EE46CDE25E}.SingleImage|x86.Build.0 = Release|Win32
		{0C26AE20-D396-41E2-BB84-B9D178CE3EB6}.CD_ROM|Any CPU.ActiveCfg = Release|x64
		{0C26AE20-D396-41E2-BB84-B9D178CE3EB6}.CD_ROM|Any CPU.Build.0 = Release|x64
		{0C26AE20-D396-41E2-BB84-B9D178CE3EB6}.CD_ROM|x64.ActiveCfg = Release|x64
		{0C26AE20-D396-41E2-BB84-B9D178CE3EB6}.CD_ROM|x64.Build.0 = Release|x64
		{0C26AE20-D396-41E2-BB84-B9D178CE3EB6}.CD_ROM|x86.ActiveCfg = Release|Win32
		{0C26AE20-D396-41E2-BB84-B9D178CE3EB6}.CD_ROM|x86.Build.0 = Release|Win32
		{0C26AE20-D396-41E2-BB84-B9D178CE3EB6}.Debug|Any CPU.ActiveCfg = Debug|Win32
		{0C26AE20-D396-41E2-BB84-B9D178CE3EB6}.Debug|x64.ActiveCfg = Debug|x64
		{0C26AE20-D396-41E2-BB84-B9D178CE3EB6}.Debug|x64.Build.0 = Debug|x64
		{0C26AE20-D396-41E2-BB84-B9D178CE3EB6}.Debug|x86.ActiveCfg = Debug|Win32
		{0C26AE20-D396-41E2-BB84-B9D178CE3EB6}.Debug|x86.Build.0 = Debug|Win32
		{0C26AE20-D396-41E2-BB84-B9D178CE3EB6}.DVD-5|Any CPU.ActiveCfg = Release|x64
		{0C26AE20-D396-41E2-BB84-B9D178CE3EB6}.DVD-5|Any CPU.Build.0 = Release|x64
		{0C26AE20-D396-41E2-BB84-B9D178CE3EB6}.DVD-5|x64.ActiveCfg = Debug|x64
		{0C26AE20-D396-41E2-BB84-B9D178CE3EB6}.DVD-5|x64.Build.0 = Debug|x64
		{0C26AE20-D396-41E2-BB84-B9D178CE3EB6}.DVD-5|x86.ActiveCfg = Debug|Win32
		{0C26AE20-D396-41E2-BB84-B9D178CE3EB6}.DVD-5|x86.Build.0 = Debug|Win32
		{0C26AE20-D396-41E2-BB84-B9D178CE3EB6}.Release|Any CPU.ActiveCfg = Release|Win32
		{0C26AE20-D396-41E2-BB84-B9D178CE3EB6}.Release|x64.ActiveCfg = Release|x64
		{0C26AE20-D396-41E2-BB84-B9D178CE3EB6}.Release|x64.Build.0 = Release|x64
		{0C26AE20-D396-41E2-BB84-B9D178CE3EB6}.Release|x86.ActiveCfg = Release|Win32
		{0C26AE20-D396-41E2-BB84-B9D178CE3EB6}.Release|x86.Build.0 = Release|Win32
		{0C26AE20-D396-41E2-BB84-B9D178CE3EB6}.SingleImage|Any CPU.ActiveCfg = Release|x64
		{0C26AE20-D396-41E2-BB84-B9D178CE3EB6}.SingleImage|Any CPU.Build.0 = Release|x64
		{0C26AE20-D396-41E2-BB84-B9D178CE3EB6}.SingleImage|x64.ActiveCfg = Release|x64
		{0C26AE20-D396-41E2-BB84-B9D178CE3EB6}.SingleImage|x64.Build.0 = Release|x64
		{0C26AE20-D396-41E2-BB84-B9D178CE3EB6}.SingleImage|x86.ActiveCfg = Release|Win32
		{0C26AE20-D396-41E2-BB84-B9D178CE3EB6}.SingleImage|x86.Build.0 = Release|Win32
	EndGlobalSection
	GlobalSection(SolutionProperties) = preSolution
		HideSolutionNode = FALSE
	EndGlobalSection
EndGlobal
